// !$*UTF8*$!
{
	archiveVersion = 1;
	classes = {
	};
	objectVersion = 56;
	objects = {

/* Begin PBXBuildFile section */
		FC0B4DA32A12286100B513FD /* AppDimensions.swift in Sources */ = {isa = PBXBuildFile; fileRef = FC0B4DA22A12286100B513FD /* AppDimensions.swift */; };
		FC0B4DA62A1229FC00B513FD /* Camera_Helper.swift in Sources */ = {isa = PBXBuildFile; fileRef = FC0B4DA52A1229FC00B513FD /* Camera_Helper.swift */; };
		FC0B4DAA2A123ECC00B513FD /* Ngon_Generator.swift in Sources */ = {isa = PBXBuildFile; fileRef = FC0B4DA92A123ECC00B513FD /* Ngon_Generator.swift */; };
		FC0B4DAD2A123FB700B513FD /* Building_Section.swift in Sources */ = {isa = PBXBuildFile; fileRef = FC0B4DAC2A123FB700B513FD /* Building_Section.swift */; };
		FC0B4DAF2A12444400B513FD /* Buildling.swift in Sources */ = {isa = PBXBuildFile; fileRef = FC0B4DAE2A12444400B513FD /* Buildling.swift */; };
		FC0B4DB22A12476000B513FD /* Enumerations.swift in Sources */ = {isa = PBXBuildFile; fileRef = FC0B4DB12A12476000B513FD /* Enumerations.swift */; };
		FC0B4DB42A124C8C00B513FD /* Building_Collection.swift in Sources */ = {isa = PBXBuildFile; fileRef = FC0B4DB32A124C8C00B513FD /* Building_Collection.swift */; };
		FC0B4DB62A1250A800B513FD /* Material_Generator.swift in Sources */ = {isa = PBXBuildFile; fileRef = FC0B4DB52A1250A800B513FD /* Material_Generator.swift */; };
		FC0B4DB82A1635CD00B513FD /* Protocols.swift in Sources */ = {isa = PBXBuildFile; fileRef = FC0B4DB72A1635CD00B513FD /* Protocols.swift */; };
		FC0B4DBA2A1787AB00B513FD /* CentrePointFace_Ngon.swift in Sources */ = {isa = PBXBuildFile; fileRef = FC0B4DB92A1787AA00B513FD /* CentrePointFace_Ngon.swift */; };
		FC2B69BD2A12156900C33B32 /* nGon_GeneratorApp.swift in Sources */ = {isa = PBXBuildFile; fileRef = FC2B69BC2A12156900C33B32 /* nGon_GeneratorApp.swift */; };
		FC2B69BF2A12156900C33B32 /* ContentView.swift in Sources */ = {isa = PBXBuildFile; fileRef = FC2B69BE2A12156900C33B32 /* ContentView.swift */; };
		FC2B69C12A12157200C33B32 /* Assets.xcassets in Resources */ = {isa = PBXBuildFile; fileRef = FC2B69C02A12157200C33B32 /* Assets.xcassets */; };
		FC2B69C42A12157200C33B32 /* Preview Assets.xcassets in Resources */ = {isa = PBXBuildFile; fileRef = FC2B69C32A12157200C33B32 /* Preview Assets.xcassets */; };
		FC2B69CC2A12166500C33B32 /* Main_3d_Scene_View.swift in Sources */ = {isa = PBXBuildFile; fileRef = FC2B69CB2A12166500C33B32 /* Main_3d_Scene_View.swift */; };
		FCAF5D692A1D00E7007E8190 /* Slant_Buttons_View.swift in Sources */ = {isa = PBXBuildFile; fileRef = FCAF5D682A1D00E7007E8190 /* Slant_Buttons_View.swift */; };
/* End PBXBuildFile section */

/* Begin PBXFileReference section */
		FC0B4DA22A12286100B513FD /* AppDimensions.swift */ = {isa = PBXFileReference; lastKnownFileType = sourcecode.swift; path = AppDimensions.swift; sourceTree = "<group>"; };
		FC0B4DA52A1229FC00B513FD /* Camera_Helper.swift */ = {isa = PBXFileReference; lastKnownFileType = sourcecode.swift; path = Camera_Helper.swift; sourceTree = "<group>"; };
		FC0B4DA92A123ECC00B513FD /* Ngon_Generator.swift */ = {isa = PBXFileReference; lastKnownFileType = sourcecode.swift; path = Ngon_Generator.swift; sourceTree = "<group>"; };
		FC0B4DAC2A123FB700B513FD /* Building_Section.swift */ = {isa = PBXFileReference; lastKnownFileType = sourcecode.swift; path = Building_Section.swift; sourceTree = "<group>"; };
		FC0B4DAE2A12444400B513FD /* Buildling.swift */ = {isa = PBXFileReference; lastKnownFileType = sourcecode.swift; path = Buildling.swift; sourceTree = "<group>"; };
		FC0B4DB12A12476000B513FD /* Enumerations.swift */ = {isa = PBXFileReference; lastKnownFileType = sourcecode.swift; path = Enumerations.swift; sourceTree = "<group>"; };
		FC0B4DB32A124C8C00B513FD /* Building_Collection.swift */ = {isa = PBXFileReference; lastKnownFileType = sourcecode.swift; path = Building_Collection.swift; sourceTree = "<group>"; };
		FC0B4DB52A1250A800B513FD /* Material_Generator.swift */ = {isa = PBXFileReference; lastKnownFileType = sourcecode.swift; path = Material_Generator.swift; sourceTree = "<group>"; };
		FC0B4DB72A1635CD00B513FD /* Protocols.swift */ = {isa = PBXFileReference; lastKnownFileType = sourcecode.swift; path = Protocols.swift; sourceTree = "<group>"; };
		FC0B4DB92A1787AA00B513FD /* CentrePointFace_Ngon.swift */ = {isa = PBXFileReference; lastKnownFileType = sourcecode.swift; path = CentrePointFace_Ngon.swift; sourceTree = "<group>"; };
		FC2B69B92A12156900C33B32 /* nGon_Generator.app */ = {isa = PBXFileReference; explicitFileType = wrapper.application; includeInIndex = 0; path = nGon_Generator.app; sourceTree = BUILT_PRODUCTS_DIR; };
		FC2B69BC2A12156900C33B32 /* nGon_GeneratorApp.swift */ = {isa = PBXFileReference; lastKnownFileType = sourcecode.swift; path = nGon_GeneratorApp.swift; sourceTree = "<group>"; };
		FC2B69BE2A12156900C33B32 /* ContentView.swift */ = {isa = PBXFileReference; lastKnownFileType = sourcecode.swift; path = ContentView.swift; sourceTree = "<group>"; };
		FC2B69C02A12157200C33B32 /* Assets.xcassets */ = {isa = PBXFileReference; lastKnownFileType = folder.assetcatalog; path = Assets.xcassets; sourceTree = "<group>"; };
		FC2B69C32A12157200C33B32 /* Preview Assets.xcassets */ = {isa = PBXFileReference; lastKnownFileType = folder.assetcatalog; path = "Preview Assets.xcassets"; sourceTree = "<group>"; };
		FC2B69CB2A12166500C33B32 /* Main_3d_Scene_View.swift */ = {isa = PBXFileReference; lastKnownFileType = sourcecode.swift; path = Main_3d_Scene_View.swift; sourceTree = "<group>"; };
		FCAF5D682A1D00E7007E8190 /* Slant_Buttons_View.swift */ = {isa = PBXFileReference; lastKnownFileType = sourcecode.swift; path = Slant_Buttons_View.swift; sourceTree = "<group>"; };
/* End PBXFileReference section */

/* Begin PBXFrameworksBuildPhase section */
		FC2B69B62A12156900C33B32 /* Frameworks */ = {
			isa = PBXFrameworksBuildPhase;
			buildActionMask = 2147483647;
			files = (
			);
			runOnlyForDeploymentPostprocessing = 0;
		};
/* End PBXFrameworksBuildPhase section */

/* Begin PBXGroup section */
		FC0B4DA12A12284700B513FD /* Core */ = {
			isa = PBXGroup;
			children = (
				FC0B4DA22A12286100B513FD /* AppDimensions.swift */,
			);
			path = Core;
			sourceTree = "<group>";
		};
		FC0B4DA42A1229E600B513FD /* Helpers */ = {
			isa = PBXGroup;
			children = (
				FC0B4DA52A1229FC00B513FD /* Camera_Helper.swift */,
			);
			path = Helpers;
			sourceTree = "<group>";
		};
		FC0B4DA82A123EB300B513FD /* Generators */ = {
			isa = PBXGroup;
			children = (
				FC0B4DA92A123ECC00B513FD /* Ngon_Generator.swift */,
				FC0B4DB52A1250A800B513FD /* Material_Generator.swift */,
				FC0B4DB92A1787AA00B513FD /* CentrePointFace_Ngon.swift */,
			);
			path = Generators;
			sourceTree = "<group>";
		};
		FC0B4DAB2A123F9E00B513FD /* Building_Collection */ = {
			isa = PBXGroup;
			children = (
				FC0B4DAC2A123FB700B513FD /* Building_Section.swift */,
				FC0B4DAE2A12444400B513FD /* Buildling.swift */,
				FC0B4DB32A124C8C00B513FD /* Building_Collection.swift */,
			);
			path = Building_Collection;
			sourceTree = "<group>";
		};
		FC0B4DB02A12474D00B513FD /* Enums_Protocols */ = {
			isa = PBXGroup;
			children = (
				FC0B4DB12A12476000B513FD /* Enumerations.swift */,
				FC0B4DB72A1635CD00B513FD /* Protocols.swift */,
			);
			path = Enums_Protocols;
			sourceTree = "<group>";
		};
		FC2B69B02A12156900C33B32 = {
			isa = PBXGroup;
			children = (
				FC2B69BB2A12156900C33B32 /* nGon_Generator */,
				FC2B69BA2A12156900C33B32 /* Products */,
			);
			sourceTree = "<group>";
		};
		FC2B69BA2A12156900C33B32 /* Products */ = {
			isa = PBXGroup;
			children = (
				FC2B69B92A12156900C33B32 /* nGon_Generator.app */,
			);
			name = Products;
			sourceTree = "<group>";
		};
		FC2B69BB2A12156900C33B32 /* nGon_Generator */ = {
			isa = PBXGroup;
			children = (
				FC2B69BE2A12156900C33B32 /* ContentView.swift */,
				FC2B69CA2A12163A00C33B32 /* UI */,
				FC0B4DB02A12474D00B513FD /* Enums_Protocols */,
				FC0B4DAB2A123F9E00B513FD /* Building_Collection */,
				FC0B4DA82A123EB300B513FD /* Generators */,
				FC0B4DA42A1229E600B513FD /* Helpers */,
				FC0B4DA12A12284700B513FD /* Core */,
				FC2B69BC2A12156900C33B32 /* nGon_GeneratorApp.swift */,
				FC2B69C02A12157200C33B32 /* Assets.xcassets */,
				FC2B69C22A12157200C33B32 /* Preview Content */,
			);
			path = nGon_Generator;
			sourceTree = "<group>";
		};
		FC2B69C22A12157200C33B32 /* Preview Content */ = {
			isa = PBXGroup;
			children = (
				FC2B69C32A12157200C33B32 /* Preview Assets.xcassets */,
			);
			path = "Preview Content";
			sourceTree = "<group>";
		};
		FC2B69CA2A12163A00C33B32 /* UI */ = {
			isa = PBXGroup;
			children = (
				FC2B69CB2A12166500C33B32 /* Main_3d_Scene_View.swift */,
				FCAF5D682A1D00E7007E8190 /* Slant_Buttons_View.swift */,
			);
			path = UI;
			sourceTree = "<group>";
		};
/* End PBXGroup section */

/* Begin PBXNativeTarget section */
		FC2B69B82A12156900C33B32 /* nGon_Generator */ = {
			isa = PBXNativeTarget;
			buildConfigurationList = FC2B69C72A12157200C33B32 /* Build configuration list for PBXNativeTarget "nGon_Generator" */;
			buildPhases = (
				FC2B69B52A12156900C33B32 /* Sources */,
				FC2B69B62A12156900C33B32 /* Frameworks */,
				FC2B69B72A12156900C33B32 /* Resources */,
			);
			buildRules = (
			);
			dependencies = (
			);
			name = nGon_Generator;
			productName = nGon_Generator;
			productReference = FC2B69B92A12156900C33B32 /* nGon_Generator.app */;
			productType = "com.apple.product-type.application";
		};
/* End PBXNativeTarget section */

/* Begin PBXProject section */
		FC2B69B12A12156900C33B32 /* Project object */ = {
			isa = PBXProject;
			attributes = {
				BuildIndependentTargetsInParallel = 1;
				LastSwiftUpdateCheck = 1430;
				LastUpgradeCheck = 1430;
				TargetAttributes = {
					FC2B69B82A12156900C33B32 = {
						CreatedOnToolsVersion = 14.3;
					};
				};
			};
			buildConfigurationList = FC2B69B42A12156900C33B32 /* Build configuration list for PBXProject "nGon_Generator" */;
			compatibilityVersion = "Xcode 14.0";
			developmentRegion = en;
			hasScannedForEncodings = 0;
			knownRegions = (
				en,
				Base,
			);
			mainGroup = FC2B69B02A12156900C33B32;
			productRefGroup = FC2B69BA2A12156900C33B32 /* Products */;
			projectDirPath = "";
			projectRoot = "";
			targets = (
				FC2B69B82A12156900C33B32 /* nGon_Generator */,
			);
		};
/* End PBXProject section */

/* Begin PBXResourcesBuildPhase section */
		FC2B69B72A12156900C33B32 /* Resources */ = {
			isa = PBXResourcesBuildPhase;
			buildActionMask = 2147483647;
			files = (
				FC2B69C42A12157200C33B32 /* Preview Assets.xcassets in Resources */,
				FC2B69C12A12157200C33B32 /* Assets.xcassets in Resources */,
			);
			runOnlyForDeploymentPostprocessing = 0;
		};
/* End PBXResourcesBuildPhase section */

/* Begin PBXSourcesBuildPhase section */
		FC2B69B52A12156900C33B32 /* Sources */ = {
			isa = PBXSourcesBuildPhase;
			buildActionMask = 2147483647;
			files = (
				FC0B4DA32A12286100B513FD /* AppDimensions.swift in Sources */,
				FC0B4DA62A1229FC00B513FD /* Camera_Helper.swift in Sources */,
				FC0B4DB22A12476000B513FD /* Enumerations.swift in Sources */,
				FC0B4DB82A1635CD00B513FD /* Protocols.swift in Sources */,
				FC2B69CC2A12166500C33B32 /* Main_3d_Scene_View.swift in Sources */,
				FC2B69BF2A12156900C33B32 /* ContentView.swift in Sources */,
				FC0B4DB42A124C8C00B513FD /* Building_Collection.swift in Sources */,
				FC0B4DB62A1250A800B513FD /* Material_Generator.swift in Sources */,
				FC0B4DAF2A12444400B513FD /* Buildling.swift in Sources */,
				FC2B69BD2A12156900C33B32 /* nGon_GeneratorApp.swift in Sources */,
				FC0B4DAD2A123FB700B513FD /* Building_Section.swift in Sources */,
				FCAF5D692A1D00E7007E8190 /* Slant_Buttons_View.swift in Sources */,
				FC0B4DBA2A1787AB00B513FD /* CentrePointFace_Ngon.swift in Sources */,
				FC0B4DAA2A123ECC00B513FD /* Ngon_Generator.swift in Sources */,
			);
			runOnlyForDeploymentPostprocessing = 0;
		};
/* End PBXSourcesBuildPhase section */

/* Begin XCBuildConfiguration section */
		FC2B69C52A12157200C33B32 /* Debug */ = {
			isa = XCBuildConfiguration;
			buildSettings = {
				ALWAYS_SEARCH_USER_PATHS = NO;
				CLANG_ANALYZER_NONNULL = YES;
				CLANG_ANALYZER_NUMBER_OBJECT_CONVERSION = YES_AGGRESSIVE;
				CLANG_CXX_LANGUAGE_STANDARD = "gnu++20";
				CLANG_ENABLE_MODULES = YES;
				CLANG_ENABLE_OBJC_ARC = YES;
				CLANG_ENABLE_OBJC_WEAK = YES;
				CLANG_WARN_BLOCK_CAPTURE_AUTORELEASING = YES;
				CLANG_WARN_BOOL_CONVERSION = YES;
				CLANG_WARN_COMMA = YES;
				CLANG_WARN_CONSTANT_CONVERSION = YES;
				CLANG_WARN_DEPRECATED_OBJC_IMPLEMENTATIONS = YES;
				CLANG_WARN_DIRECT_OBJC_ISA_USAGE = YES_ERROR;
				CLANG_WARN_DOCUMENTATION_COMMENTS = YES;
				CLANG_WARN_EMPTY_BODY = YES;
				CLANG_WARN_ENUM_CONVERSION = YES;
				CLANG_WARN_INFINITE_RECURSION = YES;
				CLANG_WARN_INT_CONVERSION = YES;
				CLANG_WARN_NON_LITERAL_NULL_CONVERSION = YES;
				CLANG_WARN_OBJC_IMPLICIT_RETAIN_SELF = YES;
				CLANG_WARN_OBJC_LITERAL_CONVERSION = YES;
				CLANG_WARN_OBJC_ROOT_CLASS = YES_ERROR;
				CLANG_WARN_QUOTED_INCLUDE_IN_FRAMEWORK_HEADER = YES;
				CLANG_WARN_RANGE_LOOP_ANALYSIS = YES;
				CLANG_WARN_STRICT_PROTOTYPES = YES;
				CLANG_WARN_SUSPICIOUS_MOVE = YES;
				CLANG_WARN_UNGUARDED_AVAILABILITY = YES_AGGRESSIVE;
				CLANG_WARN_UNREACHABLE_CODE = YES;
				CLANG_WARN__DUPLICATE_METHOD_MATCH = YES;
				COPY_PHASE_STRIP = NO;
				DEBUG_INFORMATION_FORMAT = dwarf;
				ENABLE_STRICT_OBJC_MSGSEND = YES;
				ENABLE_TESTABILITY = YES;
				GCC_C_LANGUAGE_STANDARD = gnu11;
				GCC_DYNAMIC_NO_PIC = NO;
				GCC_NO_COMMON_BLOCKS = YES;
				GCC_OPTIMIZATION_LEVEL = 0;
				GCC_PREPROCESSOR_DEFINITIONS = (
					"DEBUG=1",
					"$(inherited)",
				);
				GCC_WARN_64_TO_32_BIT_CONVERSION = YES;
				GCC_WARN_ABOUT_RETURN_TYPE = YES_ERROR;
				GCC_WARN_UNDECLARED_SELECTOR = YES;
				GCC_WARN_UNINITIALIZED_AUTOS = YES_AGGRESSIVE;
				GCC_WARN_UNUSED_FUNCTION = YES;
				GCC_WARN_UNUSED_VARIABLE = YES;
				IPHONEOS_DEPLOYMENT_TARGET = 16.4;
				MTL_ENABLE_DEBUG_INFO = INCLUDE_SOURCE;
				MTL_FAST_MATH = YES;
				ONLY_ACTIVE_ARCH = YES;
				SDKROOT = iphoneos;
				SWIFT_ACTIVE_COMPILATION_CONDITIONS = DEBUG;
				SWIFT_OPTIMIZATION_LEVEL = "-Onone";
			};
			name = Debug;
		};
		FC2B69C62A12157200C33B32 /* Release */ = {
			isa = XCBuildConfiguration;
			buildSettings = {
				ALWAYS_SEARCH_USER_PATHS = NO;
				CLANG_ANALYZER_NONNULL = YES;
				CLANG_ANALYZER_NUMBER_OBJECT_CONVERSION = YES_AGGRESSIVE;
				CLANG_CXX_LANGUAGE_STANDARD = "gnu++20";
				CLANG_ENABLE_MODULES = YES;
				CLANG_ENABLE_OBJC_ARC = YES;
				CLANG_ENABLE_OBJC_WEAK = YES;
				CLANG_WARN_BLOCK_CAPTURE_AUTORELEASING = YES;
				CLANG_WARN_BOOL_CONVERSION = YES;
				CLANG_WARN_COMMA = YES;
				CLANG_WARN_CONSTANT_CONVERSION = YES;
				CLANG_WARN_DEPRECATED_OBJC_IMPLEMENTATIONS = YES;
				CLANG_WARN_DIRECT_OBJC_ISA_USAGE = YES_ERROR;
				CLANG_WARN_DOCUMENTATION_COMMENTS = YES;
				CLANG_WARN_EMPTY_BODY = YES;
				CLANG_WARN_ENUM_CONVERSION = YES;
				CLANG_WARN_INFINITE_RECURSION = YES;
				CLANG_WARN_INT_CONVERSION = YES;
				CLANG_WARN_NON_LITERAL_NULL_CONVERSION = YES;
				CLANG_WARN_OBJC_IMPLICIT_RETAIN_SELF = YES;
				CLANG_WARN_OBJC_LITERAL_CONVERSION = YES;
				CLANG_WARN_OBJC_ROOT_CLASS = YES_ERROR;
				CLANG_WARN_QUOTED_INCLUDE_IN_FRAMEWORK_HEADER = YES;
				CLANG_WARN_RANGE_LOOP_ANALYSIS = YES;
				CLANG_WARN_STRICT_PROTOTYPES = YES;
				CLANG_WARN_SUSPICIOUS_MOVE = YES;
				CLANG_WARN_UNGUARDED_AVAILABILITY = YES_AGGRESSIVE;
				CLANG_WARN_UNREACHABLE_CODE = YES;
				CLANG_WARN__DUPLICATE_METHOD_MATCH = YES;
				COPY_PHASE_STRIP = NO;
				DEBUG_INFORMATION_FORMAT = "dwarf-with-dsym";
				ENABLE_NS_ASSERTIONS = NO;
				ENABLE_STRICT_OBJC_MSGSEND = YES;
				GCC_C_LANGUAGE_STANDARD = gnu11;
				GCC_NO_COMMON_BLOCKS = YES;
				GCC_WARN_64_TO_32_BIT_CONVERSION = YES;
				GCC_WARN_ABOUT_RETURN_TYPE = YES_ERROR;
				GCC_WARN_UNDECLARED_SELECTOR = YES;
				GCC_WARN_UNINITIALIZED_AUTOS = YES_AGGRESSIVE;
				GCC_WARN_UNUSED_FUNCTION = YES;
				GCC_WARN_UNUSED_VARIABLE = YES;
				IPHONEOS_DEPLOYMENT_TARGET = 16.4;
				MTL_ENABLE_DEBUG_INFO = NO;
				MTL_FAST_MATH = YES;
				SDKROOT = iphoneos;
				SWIFT_COMPILATION_MODE = wholemodule;
				SWIFT_OPTIMIZATION_LEVEL = "-O";
				VALIDATE_PRODUCT = YES;
			};
			name = Release;
		};
		FC2B69C82A12157200C33B32 /* Debug */ = {
			isa = XCBuildConfiguration;
			buildSettings = {
				ASSETCATALOG_COMPILER_APPICON_NAME = AppIcon;
				ASSETCATALOG_COMPILER_GLOBAL_ACCENT_COLOR_NAME = AccentColor;
				CODE_SIGN_STYLE = Automatic;
				CURRENT_PROJECT_VERSION = 1;
				DEVELOPMENT_ASSET_PATHS = "\"nGon_Generator/Preview Content\"";
				DEVELOPMENT_TEAM = UP25F53UF5;
				ENABLE_PREVIEWS = YES;
				GENERATE_INFOPLIST_FILE = YES;
				INFOPLIST_KEY_UIApplicationSceneManifest_Generation = YES;
				INFOPLIST_KEY_UIApplicationSupportsIndirectInputEvents = YES;
				INFOPLIST_KEY_UILaunchScreen_Generation = YES;
				INFOPLIST_KEY_UISupportedInterfaceOrientations_iPad = "UIInterfaceOrientationPortrait UIInterfaceOrientationPortraitUpsideDown UIInterfaceOrientationLandscapeLeft UIInterfaceOrientationLandscapeRight";
				INFOPLIST_KEY_UISupportedInterfaceOrientations_iPhone = "UIInterfaceOrientationPortrait UIInterfaceOrientationLandscapeLeft UIInterfaceOrientationLandscapeRight";
				LD_RUNPATH_SEARCH_PATHS = (
					"$(inherited)",
					"@executable_path/Frameworks",
				);
				MARKETING_VERSION = 1.0;
				PRODUCT_BUNDLE_IDENTIFIER = "com.xyJectaT3fwddngff.ak.nGon-Generator";
				PRODUCT_NAME = "$(TARGET_NAME)";
				SWIFT_EMIT_LOC_STRINGS = YES;
				SWIFT_VERSION = 5.0;
				TARGETED_DEVICE_FAMILY = "1,2";
			};
			name = Debug;
		};
		FC2B69C92A12157200C33B32 /* Release */ = {
			isa = XCBuildConfiguration;
			buildSettings = {
				ASSETCATALOG_COMPILER_APPICON_NAME = AppIcon;
				ASSETCATALOG_COMPILER_GLOBAL_ACCENT_COLOR_NAME = AccentColor;
				CODE_SIGN_STYLE = Automatic;
				CURRENT_PROJECT_VERSION = 1;
				DEVELOPMENT_ASSET_PATHS = "\"nGon_Generator/Preview Content\"";
				DEVELOPMENT_TEAM = UP25F53UF5;
				ENABLE_PREVIEWS = YES;
				GENERATE_INFOPLIST_FILE = YES;
				INFOPLIST_KEY_UIApplicationSceneManifest_Generation = YES;
				INFOPLIST_KEY_UIApplicationSupportsIndirectInputEvents = YES;
				INFOPLIST_KEY_UILaunchScreen_Generation = YES;
				INFOPLIST_KEY_UISupportedInterfaceOrientations_iPad = "UIInterfaceOrientationPortrait UIInterfaceOrientationPortraitUpsideDown UIInterfaceOrientationLandscapeLeft UIInterfaceOrientationLandscapeRight";
				INFOPLIST_KEY_UISupportedInterfaceOrientations_iPhone = "UIInterfaceOrientationPortrait UIInterfaceOrientationLandscapeLeft UIInterfaceOrientationLandscapeRight";
				LD_RUNPATH_SEARCH_PATHS = (
					"$(inherited)",
					"@executable_path/Frameworks",
				);
				MARKETING_VERSION = 1.0;
				PRODUCT_BUNDLE_IDENTIFIER = "com.xyJectaT3fwddngff.ak.nGon-Generator";
				PRODUCT_NAME = "$(TARGET_NAME)";
				SWIFT_EMIT_LOC_STRINGS = YES;
				SWIFT_VERSION = 5.0;
				TARGETED_DEVICE_FAMILY = "1,2";
			};
			name = Release;
		};
/* End XCBuildConfiguration section */

/* Begin XCConfigurationList section */
		FC2B69B42A12156900C33B32 /* Build configuration list for PBXProject "nGon_Generator" */ = {
			isa = XCConfigurationList;
			buildConfigurations = (
				FC2B69C52A12157200C33B32 /* Debug */,
				FC2B69C62A12157200C33B32 /* Release */,
			);
			defaultConfigurationIsVisible = 0;
			defaultConfigurationName = Release;
		};
		FC2B69C72A12157200C33B32 /* Build configuration list for PBXNativeTarget "nGon_Generator" */ = {
			isa = XCConfigurationList;
			buildConfigurations = (
				FC2B69C82A12157200C33B32 /* Debug */,
				FC2B69C92A12157200C33B32 /* Release */,
			);
			defaultConfigurationIsVisible = 0;
			defaultConfigurationName = Release;
		};
/* End XCConfigurationList section */
	};
	rootObject = FC2B69B12A12156900C33B32 /* Project object */;
}
